
Microsoft Visual Studio Solution File, Format Version 12.00
# Visual Studio Express 2012 for Windows Desktop
Project("{FAE04EC0-301F-11D3-BF4B-00C04F79EFBC}") = "EmployeesEx", "EmployeesEx\EmployeesEx.csproj", "{47F074AE-5CF6-4246-AE48-11EFBA7D04BA}"
EndProject
Global
	GlobalSection(SolutionConfigurationPlatforms) = preSolution
		Debug|Any CPU = Debug|Any CPU
		Release|Any CPU = Release|Any CPU
	EndGlobalSection
	GlobalSection(ProjectConfigurationPlatforms) = postSolution
		{47F074AE-5CF6-4246-AE48-11EFBA7D04BA}.Debug|Any CPU.ActiveCfg = Debug|Any CPU
		{47F074AE-5CF6-4246-AE48-11EFBA7D04BA}.Debug|Any CPU.Build.0 = Debug|Any CPU
		{47F074AE-5CF6-4246-AE48-11EFBA7D04BA}.Release|Any CPU.ActiveCfg = Release|Any CPU
		{47F074AE-5CF6-4246-AE48-11EFBA7D04BA}.Release|Any CPU.Build.0 = Release|Any CPU
	EndGlobalSection
	GlobalSection(SolutionProperties) = preSolution
		HideSolutionNode = FALSE
	EndGlobalSection
EndGlobal
